// !$*UTF8*$!
{
	archiveVersion = 1;
	classes = {
	};
	objectVersion = 46;
	objects = {

/* Begin PBXBuildFile section */
		D51817021D2E3C1400C42D84 /* main.m in Sources */ = {isa = PBXBuildFile; fileRef = D51817011D2E3C1400C42D84 /* main.m */; };
		D51817051D2E3C1400C42D84 /* AppDelegate.m in Sources */ = {isa = PBXBuildFile; fileRef = D51817041D2E3C1400C42D84 /* AppDelegate.m */; };
		D51817081D2E3C1400C42D84 /* ViewController.m in Sources */ = {isa = PBXBuildFile; fileRef = D51817071D2E3C1400C42D84 /* ViewController.m */; };
		D518170B1D2E3C1400C42D84 /* Main.storyboard in Resources */ = {isa = PBXBuildFile; fileRef = D51817091D2E3C1400C42D84 /* Main.storyboard */; };
		D518170D1D2E3C1400C42D84 /* Assets.xcassets in Resources */ = {isa = PBXBuildFile; fileRef = D518170C1D2E3C1400C42D84 /* Assets.xcassets */; };
		D51817101D2E3C1400C42D84 /* LaunchScreen.storyboard in Resources */ = {isa = PBXBuildFile; fileRef = D518170E1D2E3C1400C42D84 /* LaunchScreen.storyboard */; };
		D518171B1D2E3C1400C42D84 /* _0160707001_Thread_GCD_BasicTests.m in Sources */ = {isa = PBXBuildFile; fileRef = D518171A1D2E3C1400C42D84 /* _0160707001_Thread_GCD_BasicTests.m */; };
		D51817261D2E3C1500C42D84 /* _0160707001_Thread_GCD_BasicUITests.m in Sources */ = {isa = PBXBuildFile; fileRef = D51817251D2E3C1500C42D84 /* _0160707001_Thread_GCD_BasicUITests.m */; };
/* End PBXBuildFile section */

/* Begin PBXContainerItemProxy section */
		D51817171D2E3C1400C42D84 /* PBXContainerItemProxy */ = {
			isa = PBXContainerItemProxy;
			containerPortal = D51816F51D2E3C1400C42D84 /* Project object */;
			proxyType = 1;
			remoteGlobalIDString = D51816FC1D2E3C1400C42D84;
			remoteInfo = "20160707001-Thread-GCD-Basic";
		};
		D51817221D2E3C1500C42D84 /* PBXContainerItemProxy */ = {
			isa = PBXContainerItemProxy;
			containerPortal = D51816F51D2E3C1400C42D84 /* Project object */;
			proxyType = 1;
			remoteGlobalIDString = D51816FC1D2E3C1400C42D84;
			remoteInfo = "20160707001-Thread-GCD-Basic";
		};
/* End PBXContainerItemProxy section */

/* Begin PBXFileReference section */
		D51816FD1D2E3C1400C42D84 /* 20160707001-Thread-GCD-Basic.app */ = {isa = PBXFileReference; explicitFileType = wrapper.application; includeInIndex = 0; path = "20160707001-Thread-GCD-Basic.app"; sourceTree = BUILT_PRODUCTS_DIR; };
		D51817011D2E3C1400C42D84 /* main.m */ = {isa = PBXFileReference; lastKnownFileType = sourcecode.c.objc; path = main.m; sourceTree = "<group>"; };
		D51817031D2E3C1400C42D84 /* AppDelegate.h */ = {isa = PBXFileReference; lastKnownFileType = sourcecode.c.h; path = AppDelegate.h; sourceTree = "<group>"; };
		D51817041D2E3C1400C42D84 /* AppDelegate.m */ = {isa = PBXFileReference; lastKnownFileType = sourcecode.c.objc; path = AppDelegate.m; sourceTree = "<group>"; };
		D51817061D2E3C1400C42D84 /* ViewController.h */ = {isa = PBXFileReference; lastKnownFileType = sourcecode.c.h; path = ViewController.h; sourceTree = "<group>"; };
		D51817071D2E3C1400C42D84 /* ViewController.m */ = {isa = PBXFileReference; lastKnownFileType = sourcecode.c.objc; path = ViewController.m; sourceTree = "<group>"; };
		D518170A1D2E3C1400C42D84 /* Base */ = {isa = PBXFileReference; lastKnownFileType = file.storyboard; name = Base; path = Base.lproj/Main.storyboard; sourceTree = "<group>"; };
		D518170C1D2E3C1400C42D84 /* Assets.xcassets */ = {isa = PBXFileReference; lastKnownFileType = folder.assetcatalog; path = Assets.xcassets; sourceTree = "<group>"; };
		D518170F1D2E3C1400C42D84 /* Base */ = {isa = PBXFileReference; lastKnownFileType = file.storyboard; name = Base; path = Base.lproj/LaunchScreen.storyboard; sourceTree = "<group>"; };
		D51817111D2E3C1400C42D84 /* Info.plist */ = {isa = PBXFileReference; lastKnownFileType = text.plist.xml; path = Info.plist; sourceTree = "<group>"; };
		D51817161D2E3C1400C42D84 /* 20160707001-Thread-GCD-BasicTests.xctest */ = {isa = PBXFileReference; explicitFileType = wrapper.cfbundle; includeInIndex = 0; path = "20160707001-Thread-GCD-BasicTests.xctest"; sourceTree = BUILT_PRODUCTS_DIR; };
		D518171A1D2E3C1400C42D84 /* _0160707001_Thread_GCD_BasicTests.m */ = {isa = PBXFileReference; lastKnownFileType = sourcecode.c.objc; path = _0160707001_Thread_GCD_BasicTests.m; sourceTree = "<group>"; };
		D518171C1D2E3C1400C42D84 /* Info.plist */ = {isa = PBXFileReference; lastKnownFileType = text.plist.xml; path = Info.plist; sourceTree = "<group>"; };
		D51817211D2E3C1500C42D84 /* 20160707001-Thread-GCD-BasicUITests.xctest */ = {isa = PBXFileReference; explicitFileType = wrapper.cfbundle; includeInIndex = 0; path = "20160707001-Thread-GCD-BasicUITests.xctest"; sourceTree = BUILT_PRODUCTS_DIR; };
		D51817251D2E3C1500C42D84 /* _0160707001_Thread_GCD_BasicUITests.m */ = {isa = PBXFileReference; lastKnownFileType = sourcecode.c.objc; path = _0160707001_Thread_GCD_BasicUITests.m; sourceTree = "<group>"; };
		D51817271D2E3C1500C42D84 /* Info.plist */ = {isa = PBXFileReference; lastKnownFileType = text.plist.xml; path = Info.plist; sourceTree = "<group>"; };
/* End PBXFileReference section */

/* Begin PBXFrameworksBuildPhase section */
		D51816FA1D2E3C1400C42D84 /* Frameworks */ = {
			isa = PBXFrameworksBuildPhase;
			buildActionMask = 2147483647;
			files = (
			);
			runOnlyForDeploymentPostprocessing = 0;
		};
		D51817131D2E3C1400C42D84 /* Frameworks */ = {
			isa = PBXFrameworksBuildPhase;
			buildActionMask = 2147483647;
			files = (
			);
			runOnlyForDeploymentPostprocessing = 0;
		};
		D518171E1D2E3C1400C42D84 /* Frameworks */ = {
			isa = PBXFrameworksBuildPhase;
			buildActionMask = 2147483647;
			files = (
			);
			runOnlyForDeploymentPostprocessing = 0;
		};
/* End PBXFrameworksBuildPhase section */

/* Begin PBXGroup section */
		D51816F41D2E3C1400C42D84 = {
			isa = PBXGroup;
			children = (
				D51816FF1D2E3C1400C42D84 /* 20160707001-Thread-GCD-Basic */,
				D51817191D2E3C1400C42D84 /* 20160707001-Thread-GCD-BasicTests */,
				D51817241D2E3C1500C42D84 /* 20160707001-Thread-GCD-BasicUITests */,
				D51816FE1D2E3C1400C42D84 /* Products */,
			);
			sourceTree = "<group>";
		};
		D51816FE1D2E3C1400C42D84 /* Products */ = {
			isa = PBXGroup;
			children = (
				D51816FD1D2E3C1400C42D84 /* 20160707001-Thread-GCD-Basic.app */,
				D51817161D2E3C1400C42D84 /* 20160707001-Thread-GCD-BasicTests.xctest */,
				D51817211D2E3C1500C42D84 /* 20160707001-Thread-GCD-BasicUITests.xctest */,
			);
			name = Products;
			sourceTree = "<group>";
		};
		D51816FF1D2E3C1400C42D84 /* 20160707001-Thread-GCD-Basic */ = {
			isa = PBXGroup;
			children = (
				D51817031D2E3C1400C42D84 /* AppDelegate.h */,
				D51817041D2E3C1400C42D84 /* AppDelegate.m */,
				D51817061D2E3C1400C42D84 /* ViewController.h */,
				D51817071D2E3C1400C42D84 /* ViewController.m */,
				D51817091D2E3C1400C42D84 /* Main.storyboard */,
				D518170C1D2E3C1400C42D84 /* Assets.xcassets */,
				D518170E1D2E3C1400C42D84 /* LaunchScreen.storyboard */,
				D51817111D2E3C1400C42D84 /* Info.plist */,
				D51817001D2E3C1400C42D84 /* Supporting Files */,
			);
			path = "20160707001-Thread-GCD-Basic";
			sourceTree = "<group>";
		};
		D51817001D2E3C1400C42D84 /* Supporting Files */ = {
			isa = PBXGroup;
			children = (
				D51817011D2E3C1400C42D84 /* main.m */,
			);
			name = "Supporting Files";
			sourceTree = "<group>";
		};
		D51817191D2E3C1400C42D84 /* 20160707001-Thread-GCD-BasicTests */ = {
			isa = PBXGroup;
			children = (
				D518171A1D2E3C1400C42D84 /* _0160707001_Thread_GCD_BasicTests.m */,
				D518171C1D2E3C1400C42D84 /* Info.plist */,
			);
			path = "20160707001-Thread-GCD-BasicTests";
			sourceTree = "<group>";
		};
		D51817241D2E3C1500C42D84 /* 20160707001-Thread-GCD-BasicUITests */ = {
			isa = PBXGroup;
			children = (
				D51817251D2E3C1500C42D84 /* _0160707001_Thread_GCD_BasicUITests.m */,
				D51817271D2E3C1500C42D84 /* Info.plist */,
			);
			path = "20160707001-Thread-GCD-BasicUITests";
			sourceTree = "<group>";
		};
/* End PBXGroup section */

/* Begin PBXNativeTarget section */
		D51816FC1D2E3C1400C42D84 /* 20160707001-Thread-GCD-Basic */ = {
			isa = PBXNativeTarget;
			buildConfigurationList = D518172A1D2E3C1500C42D84 /* Build configuration list for PBXNativeTarget "20160707001-Thread-GCD-Basic" */;
			buildPhases = (
				D51816F91D2E3C1400C42D84 /* Sources */,
				D51816FA1D2E3C1400C42D84 /* Frameworks */,
				D51816FB1D2E3C1400C42D84 /* Resources */,
			);
			buildRules = (
			);
			dependencies = (
			);
			name = "20160707001-Thread-GCD-Basic";
			productName = "20160707001-Thread-GCD-Basic";
			productReference = D51816FD1D2E3C1400C42D84 /* 20160707001-Thread-GCD-Basic.app */;
			productType = "com.apple.product-type.application";
		};
		D51817151D2E3C1400C42D84 /* 20160707001-Thread-GCD-BasicTests */ = {
			isa = PBXNativeTarget;
			buildConfigurationList = D518172D1D2E3C1500C42D84 /* Build configuration list for PBXNativeTarget "20160707001-Thread-GCD-BasicTests" */;
			buildPhases = (
				D51817121D2E3C1400C42D84 /* Sources */,
				D51817131D2E3C1400C42D84 /* Frameworks */,
				D51817141D2E3C1400C42D84 /* Resources */,
			);
			buildRules = (
			);
			dependencies = (
				D51817181D2E3C1400C42D84 /* PBXTargetDependency */,
			);
			name = "20160707001-Thread-GCD-BasicTests";
			productName = "20160707001-Thread-GCD-BasicTests";
			productReference = D51817161D2E3C1400C42D84 /* 20160707001-Thread-GCD-BasicTests.xctest */;
			productType = "com.apple.product-type.bundle.unit-test";
		};
		D51817201D2E3C1400C42D84 /* 20160707001-Thread-GCD-BasicUITests */ = {
			isa = PBXNativeTarget;
			buildConfigurationList = D51817301D2E3C1500C42D84 /* Build configuration list for PBXNativeTarget "20160707001-Thread-GCD-BasicUITests" */;
			buildPhases = (
				D518171D1D2E3C1400C42D84 /* Sources */,
				D518171E1D2E3C1400C42D84 /* Frameworks */,
				D518171F1D2E3C1400C42D84 /* Resources */,
			);
			buildRules = (
			);
			dependencies = (
				D51817231D2E3C1500C42D84 /* PBXTargetDependency */,
			);
			name = "20160707001-Thread-GCD-BasicUITests";
			productName = "20160707001-Thread-GCD-BasicUITests";
			productReference = D51817211D2E3C1500C42D84 /* 20160707001-Thread-GCD-BasicUITests.xctest */;
			productType = "com.apple.product-type.bundle.ui-testing";
		};
/* End PBXNativeTarget section */

/* Begin PBXProject section */
		D51816F51D2E3C1400C42D84 /* Project object */ = {
			isa = PBXProject;
			attributes = {
				LastUpgradeCheck = 0730;
				ORGANIZATIONNAME = Rainer;
				TargetAttributes = {
					D51816FC1D2E3C1400C42D84 = {
						CreatedOnToolsVersion = 7.3;
					};
					D51817151D2E3C1400C42D84 = {
						CreatedOnToolsVersion = 7.3;
						TestTargetID = D51816FC1D2E3C1400C42D84;
					};
					D51817201D2E3C1400C42D84 = {
						CreatedOnToolsVersion = 7.3;
						TestTargetID = D51816FC1D2E3C1400C42D84;
					};
				};
			};
			buildConfigurationList = D51816F81D2E3C1400C42D84 /* Build configuration list for PBXProject "20160707001-Thread-GCD-Basic" */;
			compatibilityVersion = "Xcode 3.2";
			developmentRegion = English;
			hasScannedForEncodings = 0;
			knownRegions = (
				en,
				Base,
			);
			mainGroup = D51816F41D2E3C1400C42D84;
			productRefGroup = D51816FE1D2E3C1400C42D84 /* Products */;
			projectDirPath = "";
			projectRoot = "";
			targets = (
				D51816FC1D2E3C1400C42D84 /* 20160707001-Thread-GCD-Basic */,
				D51817151D2E3C1400C42D84 /* 20160707001-Thread-GCD-BasicTests */,
				D51817201D2E3C1400C42D84 /* 20160707001-Thread-GCD-BasicUITests */,
			);
		};
/* End PBXProject section */

/* Begin PBXResourcesBuildPhase section */
		D51816FB1D2E3C1400C42D84 /* Resources */ = {
			isa = PBXResourcesBuildPhase;
			buildActionMask = 2147483647;
			files = (
				D51817101D2E3C1400C42D84 /* LaunchScreen.storyboard in Resources */,
				D518170D1D2E3C1400C42D84 /* Assets.xcassets in Resources */,
				D518170B1D2E3C1400C42D84 /* Main.storyboard in Resources */,
			);
			runOnlyForDeploymentPostprocessing = 0;
		};
		D51817141D2E3C1400C42D84 /* Resources */ = {
			isa = PBXResourcesBuildPhase;
			buildActionMask = 2147483647;
			files = (
			);
			runOnlyForDeploymentPostprocessing = 0;
		};
		D518171F1D2E3C1400C42D84 /* Resources */ = {
			isa = PBXResourcesBuildPhase;
			buildActionMask = 2147483647;
			files = (
			);
			runOnlyForDeploymentPostprocessing = 0;
		};
/* End PBXResourcesBuildPhase section */

/* Begin PBXSourcesBuildPhase section */
		D51816F91D2E3C1400C42D84 /* Sources */ = {
			isa = PBXSourcesBuildPhase;
			buildActionMask = 2147483647;
			files = (
				D51817081D2E3C1400C42D84 /* ViewController.m in Sources */,
				D51817051D2E3C1400C42D84 /* AppDelegate.m in Sources */,
				D51817021D2E3C1400C42D84 /* main.m in Sources */,
			);
			runOnlyForDeploymentPostprocessing = 0;
		};
		D51817121D2E3C1400C42D84 /* Sources */ = {
			isa = PBXSourcesBuildPhase;
			buildActionMask = 2147483647;
			files = (
				D518171B1D2E3C1400C42D84 /* _0160707001_Thread_GCD_BasicTests.m in Sources */,
			);
			runOnlyForDeploymentPostprocessing = 0;
		};
		D518171D1D2E3C1400C42D84 /* Sources */ = {
			isa = PBXSourcesBuildPhase;
			buildActionMask = 2147483647;
			files = (
				D51817261D2E3C1500C42D84 /* _0160707001_Thread_GCD_BasicUITests.m in Sources */,
			);
			runOnlyForDeploymentPostprocessing = 0;
		};
/* End PBXSourcesBuildPhase section */

/* Begin PBXTargetDependency section */
		D51817181D2E3C1400C42D84 /* PBXTargetDependency */ = {
			isa = PBXTargetDependency;
			target = D51816FC1D2E3C1400C42D84 /* 20160707001-Thread-GCD-Basic */;
			targetProxy = D51817171D2E3C1400C42D84 /* PBXContainerItemProxy */;
		};
		D51817231D2E3C1500C42D84 /* PBXTargetDependency */ = {
			isa = PBXTargetDependency;
			target = D51816FC1D2E3C1400C42D84 /* 20160707001-Thread-GCD-Basic */;
			targetProxy = D51817221D2E3C1500C42D84 /* PBXContainerItemProxy */;
		};
/* End PBXTargetDependency section */

/* Begin PBXVariantGroup section */
		D51817091D2E3C1400C42D84 /* Main.storyboard */ = {
			isa = PBXVariantGroup;
			children = (
				D518170A1D2E3C1400C42D84 /* Base */,
			);
			name = Main.storyboard;
			sourceTree = "<group>";
		};
		D518170E1D2E3C1400C42D84 /* LaunchScreen.storyboard */ = {
			isa = PBXVariantGroup;
			children = (
				D518170F1D2E3C1400C42D84 /* Base */,
			);
			name = LaunchScreen.storyboard;
			sourceTree = "<group>";
		};
/* End PBXVariantGroup section */

/* Begin XCBuildConfiguration section */
		D51817281D2E3C1500C42D84 /* Debug */ = {
			isa = XCBuildConfiguration;
			buildSettings = {
				ALWAYS_SEARCH_USER_PATHS = NO;
				CLANG_ANALYZER_NONNULL = YES;
				CLANG_CXX_LANGUAGE_STANDARD = "gnu++0x";
				CLANG_CXX_LIBRARY = "libc++";
				CLANG_ENABLE_MODULES = YES;
				CLANG_ENABLE_OBJC_ARC = YES;
				CLANG_WARN_BOOL_CONVERSION = YES;
				CLANG_WARN_CONSTANT_CONVERSION = YES;
				CLANG_WARN_DIRECT_OBJC_ISA_USAGE = YES_ERROR;
				CLANG_WARN_EMPTY_BODY = YES;
				CLANG_WARN_ENUM_CONVERSION = YES;
				CLANG_WARN_INT_CONVERSION = YES;
				CLANG_WARN_OBJC_ROOT_CLASS = YES_ERROR;
				CLANG_WARN_UNREACHABLE_CODE = YES;
				CLANG_WARN__DUPLICATE_METHOD_MATCH = YES;
				"CODE_SIGN_IDENTITY[sdk=iphoneos*]" = "iPhone Developer";
				COPY_PHASE_STRIP = NO;
				DEBUG_INFORMATION_FORMAT = dwarf;
				ENABLE_STRICT_OBJC_MSGSEND = YES;
				ENABLE_TESTABILITY = YES;
				GCC_C_LANGUAGE_STANDARD = gnu99;
				GCC_DYNAMIC_NO_PIC = NO;
				GCC_NO_COMMON_BLOCKS = YES;
				GCC_OPTIMIZATION_LEVEL = 0;
				GCC_PREPROCESSOR_DEFINITIONS = (
					"DEBUG=1",
					"$(inherited)",
				);
				GCC_WARN_64_TO_32_BIT_CONVERSION = YES;
				GCC_WARN_ABOUT_RETURN_TYPE = YES_ERROR;
				GCC_WARN_UNDECLARED_SELECTOR = YES;
				GCC_WARN_UNINITIALIZED_AUTOS = YES_AGGRESSIVE;
				GCC_WARN_UNUSED_FUNCTION = YES;
				GCC_WARN_UNUSED_VARIABLE = YES;
				IPHONEOS_DEPLOYMENT_TARGET = 9.3;
				MTL_ENABLE_DEBUG_INFO = YES;
				ONLY_ACTIVE_ARCH = YES;
				SDKROOT = iphoneos;
			};
			name = Debug;
		};
		D51817291D2E3C1500C42D84 /* Release */ = {
			isa = XCBuildConfiguration;
			buildSettings = {
				ALWAYS_SEARCH_USER_PATHS = NO;
				CLANG_ANALYZER_NONNULL = YES;
				CLANG_CXX_LANGUAGE_STANDARD = "gnu++0x";
				CLANG_CXX_LIBRARY = "libc++";
				CLANG_ENABLE_MODULES = YES;
				CLANG_ENABLE_OBJC_ARC = YES;
				CLANG_WARN_BOOL_CONVERSION = YES;
				CLANG_WARN_CONSTANT_CONVERSION = YES;
				CLANG_WARN_DIRECT_OBJC_ISA_USAGE = YES_ERROR;
				CLANG_WARN_EMPTY_BODY = YES;
				CLANG_WARN_ENUM_CONVERSION = YES;
				CLANG_WARN_INT_CONVERSION = YES;
				CLANG_WARN_OBJC_ROOT_CLASS = YES_ERROR;
				CLANG_WARN_UNREACHABLE_CODE = YES;
				CLANG_WARN__DUPLICATE_METHOD_MATCH = YES;
				"CODE_SIGN_IDENTITY[sdk=iphoneos*]" = "iPhone Developer";
				COPY_PHASE_STRIP = NO;
				DEBUG_INFORMATION_FORMAT = "dwarf-with-dsym";
				ENABLE_NS_ASSERTIONS = NO;
				ENABLE_STRICT_OBJC_MSGSEND = YES;
				GCC_C_LANGUAGE_STANDARD = gnu99;
				GCC_NO_COMMON_BLOCKS = YES;
				GCC_WARN_64_TO_32_BIT_CONVERSION = YES;
				GCC_WARN_ABOUT_RETURN_TYPE = YES_ERROR;
				GCC_WARN_UNDECLARED_SELECTOR = YES;
				GCC_WARN_UNINITIALIZED_AUTOS = YES_AGGRESSIVE;
				GCC_WARN_UNUSED_FUNCTION = YES;
				GCC_WARN_UNUSED_VARIABLE = YES;
				IPHONEOS_DEPLOYMENT_TARGET = 9.3;
				MTL_ENABLE_DEBUG_INFO = NO;
				SDKROOT = iphoneos;
				VALIDATE_PRODUCT = YES;
			};
			name = Release;
		};
		D518172B1D2E3C1500C42D84 /* Debug */ = {
			isa = XCBuildConfiguration;
			buildSettings = {
				ASSETCATALOG_COMPILER_APPICON_NAME = AppIcon;
				INFOPLIST_FILE = "20160707001-Thread-GCD-Basic/Info.plist";
				LD_RUNPATH_SEARCH_PATHS = "$(inherited) @executable_path/Frameworks";
				PRODUCT_BUNDLE_IDENTIFIER = "com.rainer.-0160707001-Thread-GCD-Basic";
				PRODUCT_NAME = "$(TARGET_NAME)";
			};
			name = Debug;
		};
		D518172C1D2E3C1500C42D84 /* Release */ = {
			isa = XCBuildConfiguration;
			buildSettings = {
				ASSETCATALOG_COMPILER_APPICON_NAME = AppIcon;
				INFOPLIST_FILE = "20160707001-Thread-GCD-Basic/Info.plist";
				LD_RUNPATH_SEARCH_PATHS = "$(inherited) @executable_path/Frameworks";
				PRODUCT_BUNDLE_IDENTIFIER = "com.rainer.-0160707001-Thread-GCD-Basic";
				PRODUCT_NAME = "$(TARGET_NAME)";
			};
			name = Release;
		};
		D518172E1D2E3C1500C42D84 /* Debug */ = {
			isa = XCBuildConfiguration;
			buildSettings = {
				BUNDLE_LOADER = "$(TEST_HOST)";
				INFOPLIST_FILE = "20160707001-Thread-GCD-BasicTests/Info.plist";
				LD_RUNPATH_SEARCH_PATHS = "$(inherited) @executable_path/Frameworks @loader_path/Frameworks";
				PRODUCT_BUNDLE_IDENTIFIER = "com.rainer.-0160707001-Thread-GCD-BasicTests";
				PRODUCT_NAME = "$(TARGET_NAME)";
				TEST_HOST = "$(BUILT_PRODUCTS_DIR)/20160707001-Thread-GCD-Basic.app/20160707001-Thread-GCD-Basic";
			};
			name = Debug;
		};
		D518172F1D2E3C1500C42D84 /* Release */ = {
			isa = XCBuildConfiguration;
			buildSettings = {
				BUNDLE_LOADER = "$(TEST_HOST)";
				INFOPLIST_FILE = "20160707001-Thread-GCD-BasicTests/Info.plist";
				LD_RUNPATH_SEARCH_PATHS = "$(inherited) @executable_path/Frameworks @loader_path/Frameworks";
				PRODUCT_BUNDLE_IDENTIFIER = "com.rainer.-0160707001-Thread-GCD-BasicTests";
				PRODUCT_NAME = "$(TARGET_NAME)";
				TEST_HOST = "$(BUILT_PRODUCTS_DIR)/20160707001-Thread-GCD-Basic.app/20160707001-Thread-GCD-Basic";
			};
			name = Release;
		};
		D51817311D2E3C1500C42D84 /* Debug */ = {
			isa = XCBuildConfiguration;
			buildSettings = {
				INFOPLIST_FILE = "20160707001-Thread-GCD-BasicUITests/Info.plist";
				LD_RUNPATH_SEARCH_PATHS = "$(inherited) @executable_path/Frameworks @loader_path/Frameworks";
				PRODUCT_BUNDLE_IDENTIFIER = "com.rainer.-0160707001-Thread-GCD-BasicUITests";
				PRODUCT_NAME = "$(TARGET_NAME)";
				TEST_TARGET_NAME = "20160707001-Thread-GCD-Basic";
			};
			name = Debug;
		};
		D51817321D2E3C1500C42D84 /* Release */ = {
			isa = XCBuildConfiguration;
			buildSettings = {
				INFOPLIST_FILE = "20160707001-Thread-GCD-BasicUITests/Info.plist";
				LD_RUNPATH_SEARCH_PATHS = "$(inherited) @executable_path/Frameworks @loader_path/Frameworks";
				PRODUCT_BUNDLE_IDENTIFIER = "com.rainer.-0160707001-Thread-GCD-BasicUITests";
				PRODUCT_NAME = "$(TARGET_NAME)";
				TEST_TARGET_NAME = "20160707001-Thread-GCD-Basic";
			};
			name = Release;
		};
/* End XCBuildConfiguration section */

/* Begin XCConfigurationList section */
		D51816F81D2E3C1400C42D84 /* Build configuration list for PBXProject "20160707001-Thread-GCD-Basic" */ = {
			isa = XCConfigurationList;
			buildConfigurations = (
				D51817281D2E3C1500C42D84 /* Debug */,
				D51817291D2E3C1500C42D84 /* Release */,
			);
			defaultConfigurationIsVisible = 0;
			defaultConfigurationName = Release;
		};
		D518172A1D2E3C1500C42D84 /* Build configuration list for PBXNativeTarget "20160707001-Thread-GCD-Basic" */ = {
			isa = XCConfigurationList;
			buildConfigurations = (
				D518172B1D2E3C1500C42D84 /* Debug */,
				D518172C1D2E3C1500C42D84 /* Release */,
			);
			defaultConfigurationIsVisible = 0;
		};
		D518172D1D2E3C1500C42D84 /* Build configuration list for PBXNativeTarget "20160707001-Thread-GCD-BasicTests" */ = {
			isa = XCConfigurationList;
			buildConfigurations = (
				D518172E1D2E3C1500C42D84 /* Debug */,
				D518172F1D2E3C1500C42D84 /* Release */,
			);
			defaultConfigurationIsVisible = 0;
		};
		D51817301D2E3C1500C42D84 /* Build configuration list for PBXNativeTarget "20160707001-Thread-GCD-BasicUITests" */ = {
			isa = XCConfigurationList;
			buildConfigurations = (
				D51817311D2E3C1500C42D84 /* Debug */,
				D51817321D2E3C1500C42D84 /* Release */,
			);
			defaultConfigurationIsVisible = 0;
		};
/* End XCConfigurationList section */
	};
	rootObject = D51816F51D2E3C1400C42D84 /* Project object */;
}
